// !$*UTF8*$!
{
	archiveVersion = 1;
	classes = {
	};
	objectVersion = 77;
	objects = {

/* Begin PBXBuildFile section */
		353F1E9D10347CBE1F478A5D /* Accessibility.swift in Sources */ = {isa = PBXBuildFile; fileRef = 2F740A5388FA46EBEAB17275 /* Accessibility.swift */; };
		48F99C802D930B3A38F90D9C /* Assets.xcassets in Resources */ = {isa = PBXBuildFile; fileRef = 71E2E485479781CBF5CCC116 /* Assets.xcassets */; };
		80CC2A72962A15C5F322CEE1 /* MissionControlMonitor.swift in Sources */ = {isa = PBXBuildFile; fileRef = 4CD292C4BDA6067072742DBA /* MissionControlMonitor.swift */; };
		82E416F73E6C99F08E2E3C3F /* OverlayViews.swift in Sources */ = {isa = PBXBuildFile; fileRef = 523138E6095D5DABB17B227E /* OverlayViews.swift */; };
		83A3B398B3359F030C7164C5 /* Log.swift in Sources */ = {isa = PBXBuildFile; fileRef = C9E38DC81969E8C1E25A284D /* Log.swift */; };
		88B429179997B08644C4A249 /* AppDelegate.swift in Sources */ = {isa = PBXBuildFile; fileRef = C6D56AD648E8E998AA08DB99 /* AppDelegate.swift */; };
		8F9A2C1D4E3BC9DEDCA0F2F2 /* WindowResolver.swift in Sources */ = {isa = PBXBuildFile; fileRef = C4A36383286F78981FD576BD /* WindowResolver.swift */; };
		945868A9CF31C251FB051A6F /* MissionControlController.swift in Sources */ = {isa = PBXBuildFile; fileRef = 2A2E2F2DCD8381BBFA1FE407 /* MissionControlController.swift */; };
		A9B3085788BF1B27FBE9CD71 /* Spaces.swift in Sources */ = {isa = PBXBuildFile; fileRef = ED365AED1435382F7713F302 /* Spaces.swift */; };
		D46B5D658FD92CE2918F8DEE /* KeyboardInterceptor.swift in Sources */ = {isa = PBXBuildFile; fileRef = 0BBF0D5CC8FDF80D8F613211 /* KeyboardInterceptor.swift */; };
/* End PBXBuildFile section */

/* Begin PBXFileReference section */
		00B0FC7D50FD0B1E94F8409C /* SpaceControl.entitlements */ = {isa = PBXFileReference; lastKnownFileType = text.plist.entitlements; path = SpaceControl.entitlements; sourceTree = "<group>"; };
		0BBF0D5CC8FDF80D8F613211 /* KeyboardInterceptor.swift */ = {isa = PBXFileReference; lastKnownFileType = sourcecode.swift; path = KeyboardInterceptor.swift; sourceTree = "<group>"; };
		2A2E2F2DCD8381BBFA1FE407 /* MissionControlController.swift */ = {isa = PBXFileReference; lastKnownFileType = sourcecode.swift; path = MissionControlController.swift; sourceTree = "<group>"; };
		2F740A5388FA46EBEAB17275 /* Accessibility.swift */ = {isa = PBXFileReference; lastKnownFileType = sourcecode.swift; path = Accessibility.swift; sourceTree = "<group>"; };
		4CD292C4BDA6067072742DBA /* MissionControlMonitor.swift */ = {isa = PBXFileReference; lastKnownFileType = sourcecode.swift; path = MissionControlMonitor.swift; sourceTree = "<group>"; };
		523138E6095D5DABB17B227E /* OverlayViews.swift */ = {isa = PBXFileReference; lastKnownFileType = sourcecode.swift; path = OverlayViews.swift; sourceTree = "<group>"; };
		574499085EAFEDB98D3D0FC0 /* SpaceControl.app */ = {isa = PBXFileReference; explicitFileType = wrapper.application; includeInIndex = 0; path = SpaceControl.app; sourceTree = BUILT_PRODUCTS_DIR; };
		6720002C787AF0379C099AFD /* Info.plist */ = {isa = PBXFileReference; lastKnownFileType = text.plist; path = Info.plist; sourceTree = "<group>"; };
		71E2E485479781CBF5CCC116 /* Assets.xcassets */ = {isa = PBXFileReference; lastKnownFileType = folder.assetcatalog; path = Assets.xcassets; sourceTree = "<group>"; };
		C4A36383286F78981FD576BD /* WindowResolver.swift */ = {isa = PBXFileReference; lastKnownFileType = sourcecode.swift; path = WindowResolver.swift; sourceTree = "<group>"; };
		C6D56AD648E8E998AA08DB99 /* AppDelegate.swift */ = {isa = PBXFileReference; lastKnownFileType = sourcecode.swift; path = AppDelegate.swift; sourceTree = "<group>"; };
		C9E38DC81969E8C1E25A284D /* Log.swift */ = {isa = PBXFileReference; lastKnownFileType = sourcecode.swift; path = Log.swift; sourceTree = "<group>"; };
		ED365AED1435382F7713F302 /* Spaces.swift */ = {isa = PBXFileReference; lastKnownFileType = sourcecode.swift; path = Spaces.swift; sourceTree = "<group>"; };
/* End PBXFileReference section */

/* Begin PBXGroup section */
		13BECB8D8FF9D75722157E7B /* SpaceControl */ = {
			isa = PBXGroup;
			children = (
				2F740A5388FA46EBEAB17275 /* Accessibility.swift */,
				C6D56AD648E8E998AA08DB99 /* AppDelegate.swift */,
				71E2E485479781CBF5CCC116 /* Assets.xcassets */,
				6720002C787AF0379C099AFD /* Info.plist */,
				0BBF0D5CC8FDF80D8F613211 /* KeyboardInterceptor.swift */,
				C9E38DC81969E8C1E25A284D /* Log.swift */,
				2A2E2F2DCD8381BBFA1FE407 /* MissionControlController.swift */,
				4CD292C4BDA6067072742DBA /* MissionControlMonitor.swift */,
				523138E6095D5DABB17B227E /* OverlayViews.swift */,
				00B0FC7D50FD0B1E94F8409C /* SpaceControl.entitlements */,
				ED365AED1435382F7713F302 /* Spaces.swift */,
				C4A36383286F78981FD576BD /* WindowResolver.swift */,
			);
			path = SpaceControl;
			sourceTree = "<group>";
		};
		8733BF6576722AFC9BEE36DE /* Products */ = {
			isa = PBXGroup;
			children = (
				574499085EAFEDB98D3D0FC0 /* SpaceControl.app */,
			);
			name = Products;
			sourceTree = "<group>";
		};
		8A0AC8D90B5E1F748FD01D36 = {
			isa = PBXGroup;
			children = (
				13BECB8D8FF9D75722157E7B /* SpaceControl */,
				8733BF6576722AFC9BEE36DE /* Products */,
			);
			sourceTree = "<group>";
		};
/* End PBXGroup section */

/* Begin PBXNativeTarget section */
		15FF20D0C7F66B779FAF5C9E /* SpaceControl */ = {
			isa = PBXNativeTarget;
			buildConfigurationList = DE978FBBF1E9711F53652AD0 /* Build configuration list for PBXNativeTarget "SpaceControl" */;
			buildPhases = (
				0B19D36B3CD18ED6D7C23B01 /* Sources */,
				B79F2744D4AC1048ED1FC90D /* Resources */,
			);
			buildRules = (
			);
			dependencies = (
			);
			name = SpaceControl;
			packageProductDependencies = (
			);
			productName = SpaceControl;
			productReference = 574499085EAFEDB98D3D0FC0 /* SpaceControl.app */;
			productType = "com.apple.product-type.application";
		};
/* End PBXNativeTarget section */

/* Begin PBXProject section */
		CB863DD303BC656D4F5A04F7 /* Project object */ = {
			isa = PBXProject;
			attributes = {
				BuildIndependentTargetsInParallel = YES;
				LastUpgradeCheck = 1430;
				TargetAttributes = {
					15FF20D0C7F66B779FAF5C9E = {
						DevelopmentTeam = "";
						ProvisioningStyle = Manual;
					};
				};
			};
			buildConfigurationList = A84EF9ADCC12A08C9B493DD9 /* Build configuration list for PBXProject "SpaceControl" */;
			developmentRegion = en;
			hasScannedForEncodings = 0;
			knownRegions = (
				Base,
				en,
			);
			mainGroup = 8A0AC8D90B5E1F748FD01D36;
			minimizedProjectReferenceProxies = 1;
			preferredProjectObjectVersion = 77;
			productRefGroup = 8733BF6576722AFC9BEE36DE /* Products */;
			projectDirPath = "";
			projectRoot = "";
			targets = (
				15FF20D0C7F66B779FAF5C9E /* SpaceControl */,
			);
		};
/* End PBXProject section */

/* Begin PBXResourcesBuildPhase section */
		B79F2744D4AC1048ED1FC90D /* Resources */ = {
			isa = PBXResourcesBuildPhase;
			buildActionMask = 2147483647;
			files = (
				48F99C802D930B3A38F90D9C /* Assets.xcassets in Resources */,
			);
			runOnlyForDeploymentPostprocessing = 0;
		};
/* End PBXResourcesBuildPhase section */

/* Begin PBXSourcesBuildPhase section */
		0B19D36B3CD18ED6D7C23B01 /* Sources */ = {
			isa = PBXSourcesBuildPhase;
			buildActionMask = 2147483647;
			files = (
				353F1E9D10347CBE1F478A5D /* Accessibility.swift in Sources */,
				88B429179997B08644C4A249 /* AppDelegate.swift in Sources */,
				D46B5D658FD92CE2918F8DEE /* KeyboardInterceptor.swift in Sources */,
				83A3B398B3359F030C7164C5 /* Log.swift in Sources */,
				945868A9CF31C251FB051A6F /* MissionControlController.swift in Sources */,
				80CC2A72962A15C5F322CEE1 /* MissionControlMonitor.swift in Sources */,
				82E416F73E6C99F08E2E3C3F /* OverlayViews.swift in Sources */,
				A9B3085788BF1B27FBE9CD71 /* Spaces.swift in Sources */,
				8F9A2C1D4E3BC9DEDCA0F2F2 /* WindowResolver.swift in Sources */,
			);
			runOnlyForDeploymentPostprocessing = 0;
		};
/* End PBXSourcesBuildPhase section */

/* Begin XCBuildConfiguration section */
		22B269E57B281714B6F0A2DE /* Release */ = {
			isa = XCBuildConfiguration;
			buildSettings = {
				ALWAYS_SEARCH_USER_PATHS = NO;
				CLANG_ANALYZER_NONNULL = YES;
				CLANG_ANALYZER_NUMBER_OBJECT_CONVERSION = YES_AGGRESSIVE;
				CLANG_CXX_LANGUAGE_STANDARD = "gnu++14";
				CLANG_CXX_LIBRARY = "libc++";
				CLANG_ENABLE_MODULES = YES;
				CLANG_ENABLE_OBJC_ARC = YES;
				CLANG_ENABLE_OBJC_WEAK = YES;
				CLANG_WARN_BLOCK_CAPTURE_AUTORELEASING = YES;
				CLANG_WARN_BOOL_CONVERSION = YES;
				CLANG_WARN_COMMA = YES;
				CLANG_WARN_CONSTANT_CONVERSION = YES;
				CLANG_WARN_DEPRECATED_OBJC_IMPLEMENTATIONS = YES;
				CLANG_WARN_DIRECT_OBJC_ISA_USAGE = YES_ERROR;
				CLANG_WARN_DOCUMENTATION_COMMENTS = YES;
				CLANG_WARN_EMPTY_BODY = YES;
				CLANG_WARN_ENUM_CONVERSION = YES;
				CLANG_WARN_INFINITE_RECURSION = YES;
				CLANG_WARN_INT_CONVERSION = YES;
				CLANG_WARN_NON_LITERAL_NULL_CONVERSION = YES;
				CLANG_WARN_OBJC_IMPLICIT_RETAIN_SELF = YES;
				CLANG_WARN_OBJC_LITERAL_CONVERSION = YES;
				CLANG_WARN_OBJC_ROOT_CLASS = YES_ERROR;
				CLANG_WARN_QUOTED_INCLUDE_IN_FRAMEWORK_HEADER = YES;
				CLANG_WARN_RANGE_LOOP_ANALYSIS = YES;
				CLANG_WARN_STRICT_PROTOTYPES = YES;
				CLANG_WARN_SUSPICIOUS_MOVE = YES;
				CLANG_WARN_UNGUARDED_AVAILABILITY = YES_AGGRESSIVE;
				CLANG_WARN_UNREACHABLE_CODE = YES;
				CLANG_WARN__DUPLICATE_METHOD_MATCH = YES;
				COPY_PHASE_STRIP = NO;
				DEBUG_INFORMATION_FORMAT = "dwarf-with-dsym";
				ENABLE_NS_ASSERTIONS = NO;
				ENABLE_STRICT_OBJC_MSGSEND = YES;
				GCC_C_LANGUAGE_STANDARD = gnu11;
				GCC_NO_COMMON_BLOCKS = YES;
				GCC_WARN_64_TO_32_BIT_CONVERSION = YES;
				GCC_WARN_ABOUT_RETURN_TYPE = YES_ERROR;
				GCC_WARN_UNDECLARED_SELECTOR = YES;
				GCC_WARN_UNINITIALIZED_AUTOS = YES_AGGRESSIVE;
				GCC_WARN_UNUSED_FUNCTION = YES;
				GCC_WARN_UNUSED_VARIABLE = YES;
				MACOSX_DEPLOYMENT_TARGET = 14.0;
				MTL_ENABLE_DEBUG_INFO = NO;
				MTL_FAST_MATH = YES;
				PRODUCT_NAME = "$(TARGET_NAME)";
				SDKROOT = macosx;
				SWIFT_COMPILATION_MODE = wholemodule;
				SWIFT_OPTIMIZATION_LEVEL = "-O";
				SWIFT_VERSION = 5.0;
			};
			name = Release;
		};
		692BADD0E9372ABD1081ACCA /* Debug */ = {
			isa = XCBuildConfiguration;
			buildSettings = {
				ALWAYS_SEARCH_USER_PATHS = NO;
				CLANG_ANALYZER_NONNULL = YES;
				CLANG_ANALYZER_NUMBER_OBJECT_CONVERSION = YES_AGGRESSIVE;
				CLANG_CXX_LANGUAGE_STANDARD = "gnu++14";
				CLANG_CXX_LIBRARY = "libc++";
				CLANG_ENABLE_MODULES = YES;
				CLANG_ENABLE_OBJC_ARC = YES;
				CLANG_ENABLE_OBJC_WEAK = YES;
				CLANG_WARN_BLOCK_CAPTURE_AUTORELEASING = YES;
				CLANG_WARN_BOOL_CONVERSION = YES;
				CLANG_WARN_COMMA = YES;
				CLANG_WARN_CONSTANT_CONVERSION = YES;
				CLANG_WARN_DEPRECATED_OBJC_IMPLEMENTATIONS = YES;
				CLANG_WARN_DIRECT_OBJC_ISA_USAGE = YES_ERROR;
				CLANG_WARN_DOCUMENTATION_COMMENTS = YES;
				CLANG_WARN_EMPTY_BODY = YES;
				CLANG_WARN_ENUM_CONVERSION = YES;
				CLANG_WARN_INFINITE_RECURSION = YES;
				CLANG_WARN_INT_CONVERSION = YES;
				CLANG_WARN_NON_LITERAL_NULL_CONVERSION = YES;
				CLANG_WARN_OBJC_IMPLICIT_RETAIN_SELF = YES;
				CLANG_WARN_OBJC_LITERAL_CONVERSION = YES;
				CLANG_WARN_OBJC_ROOT_CLASS = YES_ERROR;
				CLANG_WARN_QUOTED_INCLUDE_IN_FRAMEWORK_HEADER = YES;
				CLANG_WARN_RANGE_LOOP_ANALYSIS = YES;
				CLANG_WARN_STRICT_PROTOTYPES = YES;
				CLANG_WARN_SUSPICIOUS_MOVE = YES;
				CLANG_WARN_UNGUARDED_AVAILABILITY = YES_AGGRESSIVE;
				CLANG_WARN_UNREACHABLE_CODE = YES;
				CLANG_WARN__DUPLICATE_METHOD_MATCH = YES;
				COPY_PHASE_STRIP = NO;
				DEBUG_INFORMATION_FORMAT = dwarf;
				ENABLE_STRICT_OBJC_MSGSEND = YES;
				ENABLE_TESTABILITY = YES;
				GCC_C_LANGUAGE_STANDARD = gnu11;
				GCC_DYNAMIC_NO_PIC = NO;
				GCC_NO_COMMON_BLOCKS = YES;
				GCC_OPTIMIZATION_LEVEL = 0;
				GCC_PREPROCESSOR_DEFINITIONS = (
					"$(inherited)",
					"DEBUG=1",
				);
				GCC_WARN_64_TO_32_BIT_CONVERSION = YES;
				GCC_WARN_ABOUT_RETURN_TYPE = YES_ERROR;
				GCC_WARN_UNDECLARED_SELECTOR = YES;
				GCC_WARN_UNINITIALIZED_AUTOS = YES_AGGRESSIVE;
				GCC_WARN_UNUSED_FUNCTION = YES;
				GCC_WARN_UNUSED_VARIABLE = YES;
				MACOSX_DEPLOYMENT_TARGET = 14.0;
				MTL_ENABLE_DEBUG_INFO = INCLUDE_SOURCE;
				MTL_FAST_MATH = YES;
				ONLY_ACTIVE_ARCH = YES;
				PRODUCT_NAME = "$(TARGET_NAME)";
				SDKROOT = macosx;
				SWIFT_ACTIVE_COMPILATION_CONDITIONS = DEBUG;
				SWIFT_OPTIMIZATION_LEVEL = "-Onone";
				SWIFT_VERSION = 5.0;
			};
			name = Debug;
		};
		A8EF963A809C8239795CC01B /* Release */ = {
			isa = XCBuildConfiguration;
			buildSettings = {
				ASSETCATALOG_COMPILER_APPICON_NAME = AppIcon;
				CODE_SIGN_ENTITLEMENTS = SpaceControl/SpaceControl.entitlements;
				CODE_SIGN_IDENTITY = "-";
				CODE_SIGN_STYLE = Manual;
				COMBINE_HIDPI_IMAGES = YES;
				DEVELOPMENT_TEAM = "";
				ENABLE_HARDENED_RUNTIME = NO;
				GENERATE_INFOPLIST_FILE = NO;
				INFOPLIST_FILE = SpaceControl/Info.plist;
				LD_RUNPATH_SEARCH_PATHS = (
					"$(inherited)",
					"@executable_path/../Frameworks",
				);
				PRODUCT_BUNDLE_IDENTIFIER = local.spacecontrol.SpaceControl;
				PRODUCT_NAME = SpaceControl;
				SDKROOT = macosx;
			};
			name = Release;
		};
		CB983EF896382D7662C2ECCC /* Debug */ = {
			isa = XCBuildConfiguration;
			buildSettings = {
				ASSETCATALOG_COMPILER_APPICON_NAME = AppIcon;
				CODE_SIGN_ENTITLEMENTS = SpaceControl/SpaceControl.entitlements;
				CODE_SIGN_IDENTITY = "-";
				CODE_SIGN_STYLE = Manual;
				COMBINE_HIDPI_IMAGES = YES;
				DEVELOPMENT_TEAM = "";
				ENABLE_HARDENED_RUNTIME = NO;
				GENERATE_INFOPLIST_FILE = NO;
				INFOPLIST_FILE = SpaceControl/Info.plist;
				LD_RUNPATH_SEARCH_PATHS = (
					"$(inherited)",
					"@executable_path/../Frameworks",
				);
				PRODUCT_BUNDLE_IDENTIFIER = local.spacecontrol.SpaceControl;
				PRODUCT_NAME = SpaceControl;
				SDKROOT = macosx;
			};
			name = Debug;
		};
/* End XCBuildConfiguration section */

/* Begin XCConfigurationList section */
		A84EF9ADCC12A08C9B493DD9 /* Build configuration list for PBXProject "SpaceControl" */ = {
			isa = XCConfigurationList;
			buildConfigurations = (
				692BADD0E9372ABD1081ACCA /* Debug */,
				22B269E57B281714B6F0A2DE /* Release */,
			);
			defaultConfigurationIsVisible = 0;
			defaultConfigurationName = Debug;
		};
		DE978FBBF1E9711F53652AD0 /* Build configuration list for PBXNativeTarget "SpaceControl" */ = {
			isa = XCConfigurationList;
			buildConfigurations = (
				CB983EF896382D7662C2ECCC /* Debug */,
				A8EF963A809C8239795CC01B /* Release */,
			);
			defaultConfigurationIsVisible = 0;
			defaultConfigurationName = Debug;
		};
/* End XCConfigurationList section */
	};
	rootObject = CB863DD303BC656D4F5A04F7 /* Project object */;
}
